
Microsoft Visual Studio Solution File, Format Version 12.00
Project("{FAE04EC0-301F-11D3-BF4B-00C04F79EFBC}") = "SOLID", "SOLID\SOLID.csproj", "{0AAA84D2-5410-4B92-BB92-44BB76446449}"
EndProject
Global
	GlobalSection(SolutionConfigurationPlatforms) = preSolution
		Debug|Any CPU = Debug|Any CPU
		Release|Any CPU = Release|Any CPU
	EndGlobalSection
	GlobalSection(ProjectConfigurationPlatforms) = postSolution
		{0AAA84D2-5410-4B92-BB92-44BB76446449}.Debug|Any CPU.ActiveCfg = Debug|Any CPU
		{0AAA84D2-5410-4B92-BB92-44BB76446449}.Debug|Any CPU.Build.0 = Debug|Any CPU
		{0AAA84D2-5410-4B92-BB92-44BB76446449}.Release|Any CPU.ActiveCfg = Release|Any CPU
		{0AAA84D2-5410-4B92-BB92-44BB76446449}.Release|Any CPU.Build.0 = Release|Any CPU
	EndGlobalSection
EndGlobal
